
Microsoft Visual Studio Solution File, Format Version 12.00
# Visual Studio Version 17
VisualStudioVersion = 17.14.37027.9 d17.14
MinimumVisualStudioVersion = 10.0.40219.1
Project("{FAE04EC0-301F-11D3-BF4B-00C04F79EFBC}") = "SkincareAdvisor.API", "SkincareAdvisor.API\SkincareAdvisor.API.csproj", "{4CA4B2E6-5480-4067-A688-7AE42F1BC2AE}"
EndProject
Project("{FAE04EC0-301F-11D3-BF4B-00C04F79EFBC}") = "SkincareAdvisor.Domain", "SkincareAdvisor.Domain\SkincareAdvisor.Domain.csproj", "{79076C99-3EA5-4B65-B592-CA127CA279F9}"
EndProject
Project("{FAE04EC0-301F-11D3-BF4B-00C04F79EFBC}") = "SkincareAdvisor.Application", "SkincareAdvisor.Application\SkincareAdvisor.Application.csproj", "{D6A37EFB-515E-40C0-A538-760AE50FD545}"
EndProject
Project("{FAE04EC0-301F-11D3-BF4B-00C04F79EFBC}") = "SkincareAdvisor.Infrastructure", "SkincareAdvisor.Infrastructure\SkincareAdvisor.Infrastructure.csproj", "{F3125BC8-DD2F-441B-B677-A227782A72DD}"
EndProject
Global
	GlobalSection(SolutionConfigurationPlatforms) = preSolution
		Debug|Any CPU = Debug|Any CPU
		Release|Any CPU = Release|Any CPU
	EndGlobalSection
	GlobalSection(ProjectConfigurationPlatforms) = postSolution
		{4CA4B2E6-5480-4067-A688-7AE42F1BC2AE}.Debug|Any CPU.ActiveCfg = Debug|Any CPU
		{4CA4B2E6-5480-4067-A688-7AE42F1BC2AE}.Debug|Any CPU.Build.0 = Debug|Any CPU
		{4CA4B2E6-5480-4067-A688-7AE42F1BC2AE}.Release|Any CPU.ActiveCfg = Release|Any CPU
		{4CA4B2E6-5480-4067-A688-7AE42F1BC2AE}.Release|Any CPU.Build.0 = Release|Any CPU
		{79076C99-3EA5-4B65-B592-CA127CA279F9}.Debug|Any CPU.ActiveCfg = Debug|Any CPU
		{79076C99-3EA5-4B65-B592-CA127CA279F9}.Debug|Any CPU.Build.0 = Debug|Any CPU
		{79076C99-3EA5-4B65-B592-CA127CA279F9}.Release|Any CPU.ActiveCfg = Release|Any CPU
		{79076C99-3EA5-4B65-B592-CA127CA279F9}.Release|Any CPU.Build.0 = Release|Any CPU
		{D6A37EFB-515E-40C0-A538-760AE50FD545}.Debug|Any CPU.ActiveCfg = Debug|Any CPU
		{D6A37EFB-515E-40C0-A538-760AE50FD545}.Debug|Any CPU.Build.0 = Debug|Any CPU
		{D6A37EFB-515E-40C0-A538-760AE50FD545}.Release|Any CPU.ActiveCfg = Release|Any CPU
		{D6A37EFB-515E-40C0-A538-760AE50FD545}.Release|Any CPU.Build.0 = Release|Any CPU
		{F3125BC8-DD2F-441B-B677-A227782A72DD}.Debug|Any CPU.ActiveCfg = Debug|Any CPU
		{F3125BC8-DD2F-441B-B677-A227782A72DD}.Debug|Any CPU.Build.0 = Debug|Any CPU
		{F3125BC8-DD2F-441B-B677-A227782A72DD}.Release|Any CPU.ActiveCfg = Release|Any CPU
		{F3125BC8-DD2F-441B-B677-A227782A72DD}.Release|Any CPU.Build.0 = Release|Any CPU
	EndGlobalSection
	GlobalSection(SolutionProperties) = preSolution
		HideSolutionNode = FALSE
	EndGlobalSection
	GlobalSection(ExtensibilityGlobals) = postSolution
		SolutionGuid = {AC71F8DE-88C5-4EC3-AFD9-7062A5427C1A}
	EndGlobalSection
EndGlobal
